
Microsoft Visual Studio Solution File, Format Version 12.00
# Visual Studio Version 17
VisualStudioVersion = 17.7.34003.232
MinimumVisualStudioVersion = 10.0.40219.1
Project("{8BC9CEB8-8B4A-11D0-8D11-00A0C91BC942}") = "Maths", "..\Graphical-library-Training\Maths\Maths.vcxproj", "{310BEE27-13D9-4293-BFE7-FA44C624D554}"
EndProject
Project("{8BC9CEB8-8B4A-11D0-8D11-00A0C91BC942}") = "OpenGLCoding", "..\Graphical-library-Training\OpenGLCoding\OpenGLCoding.vcxproj", "{8002C78E-E54B-46F1-A765-A1047EBCBFD5}"
EndProject
Project("{8BC9CEB8-8B4A-11D0-8D11-00A0C91BC942}") = "Test", "..\Graphical-library-Training\Test\Test.vcxproj", "{94B36AA9-6348-4627-BC49-9CF6148D20FA}"
EndProject
Global
	GlobalSection(SolutionConfigurationPlatforms) = preSolution
		Debug|x64 = Debug|x64
		Debug|x86 = Debug|x86
		Release|x64 = Release|x64
		Release|x86 = Release|x86
	EndGlobalSection
	GlobalSection(ProjectConfigurationPlatforms) = postSolution
		{310BEE27-13D9-4293-BFE7-FA44C624D554}.Debug|x64.ActiveCfg = Debug|x64
		{310BEE27-13D9-4293-BFE7-FA44C624D554}.Debug|x64.Build.0 = Debug|x64
		{310BEE27-13D9-4293-BFE7-FA44C624D554}.Debug|x86.ActiveCfg = Debug|Win32
		{310BEE27-13D9-4293-BFE7-FA44C624D554}.Debug|x86.Build.0 = Debug|Win32
		{310BEE27-13D9-4293-BFE7-FA44C624D554}.Release|x64.ActiveCfg = Release|x64
		{310BEE27-13D9-4293-BFE7-FA44C624D554}.Release|x64.Build.0 = Release|x64
		{310BEE27-13D9-4293-BFE7-FA44C624D554}.Release|x86.ActiveCfg = Release|Win32
		{310BEE27-13D9-4293-BFE7-FA44C624D554}.Release|x86.Build.0 = Release|Win32
		{8002C78E-E54B-46F1-A765-A1047EBCBFD5}.Debug|x64.ActiveCfg = Debug|x64
		{8002C78E-E54B-46F1-A765-A1047EBCBFD5}.Debug|x64.Build.0 = Debug|x64
		{8002C78E-E54B-46F1-A765-A1047EBCBFD5}.Debug|x86.ActiveCfg = Debug|Win32
		{8002C78E-E54B-46F1-A765-A1047EBCBFD5}.Debug|x86.Build.0 = Debug|Win32
		{8002C78E-E54B-46F1-A765-A1047EBCBFD5}.Release|x64.ActiveCfg = Release|x64
		{8002C78E-E54B-46F1-A765-A1047EBCBFD5}.Release|x64.Build.0 = Release|x64
		{8002C78E-E54B-46F1-A765-A1047EBCBFD5}.Release|x86.ActiveCfg = Release|Win32
		{8002C78E-E54B-46F1-A765-A1047EBCBFD5}.Release|x86.Build.0 = Release|Win32
		{94B36AA9-6348-4627-BC49-9CF6148D20FA}.Debug|x64.ActiveCfg = Debug|x64
		{94B36AA9-6348-4627-BC49-9CF6148D20FA}.Debug|x64.Build.0 = Debug|x64
		{94B36AA9-6348-4627-BC49-9CF6148D20FA}.Debug|x86.ActiveCfg = Debug|Win32
		{94B36AA9-6348-4627-BC49-9CF6148D20FA}.Debug|x86.Build.0 = Debug|Win32
		{94B36AA9-6348-4627-BC49-9CF6148D20FA}.Release|x64.ActiveCfg = Release|x64
		{94B36AA9-6348-4627-BC49-9CF6148D20FA}.Release|x64.Build.0 = Release|x64
		{94B36AA9-6348-4627-BC49-9CF6148D20FA}.Release|x86.ActiveCfg = Release|Win32
		{94B36AA9-6348-4627-BC49-9CF6148D20FA}.Release|x86.Build.0 = Release|Win32
	EndGlobalSection
	GlobalSection(SolutionProperties) = preSolution
		HideSolutionNode = FALSE
	EndGlobalSection
	GlobalSection(ExtensibilityGlobals) = postSolution
		SolutionGuid = {949C1580-9FBB-4D1C-854D-E9D396776D22}
	EndGlobalSection
EndGlobal
